{
  "name": "notifications",
  "version": "1.0.0",
  "lockfileVersion": 3,
  "requires": true,
  "packages": {
    "": {
      "name": "notifications",
      "version": "1.0.0",
      "license": "ISC",
      "dependencies": {
        "nodemailer": "^6.9.14",
        "notifications": "file:"
      },
      "devDependencies": {
        "@types/nodemailer": "^6.4.15"
      }
    },
    "node_modules/@types/node": {
      "version": "22.1.0",
      "resolved": "https://registry.npmjs.org/@types/node/-/node-22.1.0.tgz",
      "integrity": "sha512-AOmuRF0R2/5j1knA3c6G3HOk523Ga+l+ZXltX8SF1+5oqcXijjfTd8fY3XRZqSihEu9XhtQnKYLmkFaoxgsJHw==",
      "dev": true,
      "dependencies": {
        "undici-types": "~6.13.0"
      }
    },
    "node_modules/@types/nodemailer": {
      "version": "6.4.15",
      "resolved": "https://registry.npmjs.org/@types/nodemailer/-/nodemailer-6.4.15.tgz",
      "integrity": "sha512-0EBJxawVNjPkng1zm2vopRctuWVCxk34JcIlRuXSf54habUWdz1FB7wHDqOqvDa8Mtpt0Q3LTXQkAs2LNyK5jQ==",
      "dev": true,
      "dependencies": {
        "@types/node": "*"
      }
    },
    "node_modules/nodemailer": {
      "version": "6.9.14",
      "resolved": "https://registry.npmjs.org/nodemailer/-/nodemailer-6.9.14.tgz",
      "integrity": "sha512-Dobp/ebDKBvz91sbtRKhcznLThrKxKt97GI2FAlAyy+fk19j73Uz3sBXolVtmcXjaorivqsbbbjDY+Jkt4/bQA==",
      "engines": {
        "node": ">=6.0.0"
      }
    },
    "node_modules/notifications": {
      "resolved": "",
      "link": true
    },
    "node_modules/undici-types": {
      "version": "6.13.0",
      "resolved": "https://registry.npmjs.org/undici-types/-/undici-types-6.13.0.tgz",
      "integrity": "sha512-xtFJHudx8S2DSoujjMd1WeWvn7KKWFRESZTMeL1RptAYERu29D6jphMjjY+vn96jvN3kVPDNxU/E13VTaXj6jg==",
      "dev": true
    }
  }
}
